
Microsoft Visual Studio Solution File, Format Version 12.00
# Visual Studio Version 17
VisualStudioVersion = 17.11.35219.272
MinimumVisualStudioVersion = 10.0.40219.1
Project("{FAE04EC0-301F-11D3-BF4B-00C04F79EFBC}") = "ConsoleApp4", "ConsoleApp4\ConsoleApp4.csproj", "{187E934D-C244-4CBE-B270-60539DB2C01E}"
EndProject
Global
	GlobalSection(SolutionConfigurationPlatforms) = preSolution
		Debug|Any CPU = Debug|Any CPU
		Release|Any CPU = Release|Any CPU
	EndGlobalSection
	GlobalSection(ProjectConfigurationPlatforms) = postSolution
		{187E934D-C244-4CBE-B270-60539DB2C01E}.Debug|Any CPU.ActiveCfg = Debug|Any CPU
		{187E934D-C244-4CBE-B270-60539DB2C01E}.Debug|Any CPU.Build.0 = Debug|Any CPU
		{187E934D-C244-4CBE-B270-60539DB2C01E}.Release|Any CPU.ActiveCfg = Release|Any CPU
		{187E934D-C244-4CBE-B270-60539DB2C01E}.Release|Any CPU.Build.0 = Release|Any CPU
	EndGlobalSection
	GlobalSection(SolutionProperties) = preSolution
		HideSolutionNode = FALSE
	EndGlobalSection
	GlobalSection(ExtensibilityGlobals) = postSolution
		SolutionGuid = {9DC9850D-05EC-4058-B2E1-078376594A1F}
	EndGlobalSection
EndGlobal
